// !$*UTF8*$!
{
	archiveVersion = 1;
	classes = {
	};
	objectVersion = 50;
	objects = {

/* Begin PBXBuildFile section */
		F9A9A76025E6BDBD00FE654C /* AppDelegate.swift in Sources */ = {isa = PBXBuildFile; fileRef = F9A9A75F25E6BDBD00FE654C /* AppDelegate.swift */; };
		F9A9A76225E6BDBD00FE654C /* SceneDelegate.swift in Sources */ = {isa = PBXBuildFile; fileRef = F9A9A76125E6BDBD00FE654C /* SceneDelegate.swift */; };
		F9A9A76425E6BDBD00FE654C /* ViewController.swift in Sources */ = {isa = PBXBuildFile; fileRef = F9A9A76325E6BDBD00FE654C /* ViewController.swift */; };
		F9A9A76A25E6BDBD00FE654C /* Sendbird_Assignment.xcdatamodeld in Sources */ = {isa = PBXBuildFile; fileRef = F9A9A76825E6BDBD00FE654C /* Sendbird_Assignment.xcdatamodeld */; };
		F9A9A76C25E6BDC300FE654C /* Assets.xcassets in Resources */ = {isa = PBXBuildFile; fileRef = F9A9A76B25E6BDC300FE654C /* Assets.xcassets */; };
		F9A9A76F25E6BDC300FE654C /* LaunchScreen.storyboard in Resources */ = {isa = PBXBuildFile; fileRef = F9A9A76D25E6BDC300FE654C /* LaunchScreen.storyboard */; };
		F9A9A77A25E6BDC400FE654C /* Sendbird_AssignmentTests.swift in Sources */ = {isa = PBXBuildFile; fileRef = F9A9A77925E6BDC400FE654C /* Sendbird_AssignmentTests.swift */; };
		F9A9A78525E6BDC400FE654C /* Sendbird_AssignmentUITests.swift in Sources */ = {isa = PBXBuildFile; fileRef = F9A9A78425E6BDC400FE654C /* Sendbird_AssignmentUITests.swift */; };
		F9A9A7A325E6C1ED00FE654C /* Book.swift in Sources */ = {isa = PBXBuildFile; fileRef = F9A9A7A225E6C1ED00FE654C /* Book.swift */; };
		F9A9A7EE25E7D80600FE654C /* Parser.swift in Sources */ = {isa = PBXBuildFile; fileRef = F9A9A7ED25E7D80600FE654C /* Parser.swift */; };
		F9A9A7F825E7D9BD00FE654C /* DetailViewController.swift in Sources */ = {isa = PBXBuildFile; fileRef = F9A9A7F725E7D9BD00FE654C /* DetailViewController.swift */; };
		F9A9A7FF25E7F2CE00FE654C /* mainCell.swift in Sources */ = {isa = PBXBuildFile; fileRef = F9A9A7FD25E7F2CE00FE654C /* mainCell.swift */; };
		F9A9A80025E7F2CE00FE654C /* mainCell.xib in Resources */ = {isa = PBXBuildFile; fileRef = F9A9A7FE25E7F2CE00FE654C /* mainCell.xib */; };
		F9A9A81A25E90FD100FE654C /* DetailBook.swift in Sources */ = {isa = PBXBuildFile; fileRef = F9A9A81925E90FD100FE654C /* DetailBook.swift */; };
/* End PBXBuildFile section */

/* Begin PBXContainerItemProxy section */
		F9A9A77625E6BDC400FE654C /* PBXContainerItemProxy */ = {
			isa = PBXContainerItemProxy;
			containerPortal = F9A9A75425E6BDBD00FE654C /* Project object */;
			proxyType = 1;
			remoteGlobalIDString = F9A9A75B25E6BDBD00FE654C;
			remoteInfo = "Sendbird-Assignment";
		};
		F9A9A78125E6BDC400FE654C /* PBXContainerItemProxy */ = {
			isa = PBXContainerItemProxy;
			containerPortal = F9A9A75425E6BDBD00FE654C /* Project object */;
			proxyType = 1;
			remoteGlobalIDString = F9A9A75B25E6BDBD00FE654C;
			remoteInfo = "Sendbird-Assignment";
		};
/* End PBXContainerItemProxy section */

/* Begin PBXFileReference section */
		F9A9A75C25E6BDBD00FE654C /* Sendbird-Assignment.app */ = {isa = PBXFileReference; explicitFileType = wrapper.application; includeInIndex = 0; path = "Sendbird-Assignment.app"; sourceTree = BUILT_PRODUCTS_DIR; };
		F9A9A75F25E6BDBD00FE654C /* AppDelegate.swift */ = {isa = PBXFileReference; lastKnownFileType = sourcecode.swift; path = AppDelegate.swift; sourceTree = "<group>"; };
		F9A9A76125E6BDBD00FE654C /* SceneDelegate.swift */ = {isa = PBXFileReference; lastKnownFileType = sourcecode.swift; path = SceneDelegate.swift; sourceTree = "<group>"; };
		F9A9A76325E6BDBD00FE654C /* ViewController.swift */ = {isa = PBXFileReference; lastKnownFileType = sourcecode.swift; path = ViewController.swift; sourceTree = "<group>"; };
		F9A9A76925E6BDBD00FE654C /* Sendbird_Assignment.xcdatamodel */ = {isa = PBXFileReference; lastKnownFileType = wrapper.xcdatamodel; path = Sendbird_Assignment.xcdatamodel; sourceTree = "<group>"; };
		F9A9A76B25E6BDC300FE654C /* Assets.xcassets */ = {isa = PBXFileReference; lastKnownFileType = folder.assetcatalog; path = Assets.xcassets; sourceTree = "<group>"; };
		F9A9A76E25E6BDC300FE654C /* Base */ = {isa = PBXFileReference; lastKnownFileType = file.storyboard; name = Base; path = Base.lproj/LaunchScreen.storyboard; sourceTree = "<group>"; };
		F9A9A77025E6BDC300FE654C /* Info.plist */ = {isa = PBXFileReference; lastKnownFileType = text.plist.xml; path = Info.plist; sourceTree = "<group>"; };
		F9A9A77525E6BDC400FE654C /* Sendbird-AssignmentTests.xctest */ = {isa = PBXFileReference; explicitFileType = wrapper.cfbundle; includeInIndex = 0; path = "Sendbird-AssignmentTests.xctest"; sourceTree = BUILT_PRODUCTS_DIR; };
		F9A9A77925E6BDC400FE654C /* Sendbird_AssignmentTests.swift */ = {isa = PBXFileReference; lastKnownFileType = sourcecode.swift; path = Sendbird_AssignmentTests.swift; sourceTree = "<group>"; };
		F9A9A77B25E6BDC400FE654C /* Info.plist */ = {isa = PBXFileReference; lastKnownFileType = text.plist.xml; path = Info.plist; sourceTree = "<group>"; };
		F9A9A78025E6BDC400FE654C /* Sendbird-AssignmentUITests.xctest */ = {isa = PBXFileReference; explicitFileType = wrapper.cfbundle; includeInIndex = 0; path = "Sendbird-AssignmentUITests.xctest"; sourceTree = BUILT_PRODUCTS_DIR; };
		F9A9A78425E6BDC400FE654C /* Sendbird_AssignmentUITests.swift */ = {isa = PBXFileReference; lastKnownFileType = sourcecode.swift; path = Sendbird_AssignmentUITests.swift; sourceTree = "<group>"; };
		F9A9A78625E6BDC400FE654C /* Info.plist */ = {isa = PBXFileReference; lastKnownFileType = text.plist.xml; path = Info.plist; sourceTree = "<group>"; };
		F9A9A7A225E6C1ED00FE654C /* Book.swift */ = {isa = PBXFileReference; lastKnownFileType = sourcecode.swift; path = Book.swift; sourceTree = "<group>"; };
		F9A9A7ED25E7D80600FE654C /* Parser.swift */ = {isa = PBXFileReference; lastKnownFileType = sourcecode.swift; path = Parser.swift; sourceTree = "<group>"; };
		F9A9A7F725E7D9BD00FE654C /* DetailViewController.swift */ = {isa = PBXFileReference; lastKnownFileType = sourcecode.swift; path = DetailViewController.swift; sourceTree = "<group>"; };
		F9A9A7FD25E7F2CE00FE654C /* mainCell.swift */ = {isa = PBXFileReference; lastKnownFileType = sourcecode.swift; path = mainCell.swift; sourceTree = "<group>"; };
		F9A9A7FE25E7F2CE00FE654C /* mainCell.xib */ = {isa = PBXFileReference; lastKnownFileType = file.xib; path = mainCell.xib; sourceTree = "<group>"; };
		F9A9A81925E90FD100FE654C /* DetailBook.swift */ = {isa = PBXFileReference; lastKnownFileType = sourcecode.swift; path = DetailBook.swift; sourceTree = "<group>"; };
/* End PBXFileReference section */

/* Begin PBXFrameworksBuildPhase section */
		F9A9A75925E6BDBD00FE654C /* Frameworks */ = {
			isa = PBXFrameworksBuildPhase;
			buildActionMask = 2147483647;
			files = (
			);
			runOnlyForDeploymentPostprocessing = 0;
		};
		F9A9A77225E6BDC400FE654C /* Frameworks */ = {
			isa = PBXFrameworksBuildPhase;
			buildActionMask = 2147483647;
			files = (
			);
			runOnlyForDeploymentPostprocessing = 0;
		};
		F9A9A77D25E6BDC400FE654C /* Frameworks */ = {
			isa = PBXFrameworksBuildPhase;
			buildActionMask = 2147483647;
			files = (
			);
			runOnlyForDeploymentPostprocessing = 0;
		};
/* End PBXFrameworksBuildPhase section */

/* Begin PBXGroup section */
		F9A9A75325E6BDBD00FE654C = {
			isa = PBXGroup;
			children = (
				F9A9A75E25E6BDBD00FE654C /* Sendbird-Assignment */,
				F9A9A77825E6BDC400FE654C /* Sendbird-AssignmentTests */,
				F9A9A78325E6BDC400FE654C /* Sendbird-AssignmentUITests */,
				F9A9A75D25E6BDBD00FE654C /* Products */,
			);
			sourceTree = "<group>";
		};
		F9A9A75D25E6BDBD00FE654C /* Products */ = {
			isa = PBXGroup;
			children = (
				F9A9A75C25E6BDBD00FE654C /* Sendbird-Assignment.app */,
				F9A9A77525E6BDC400FE654C /* Sendbird-AssignmentTests.xctest */,
				F9A9A78025E6BDC400FE654C /* Sendbird-AssignmentUITests.xctest */,
			);
			name = Products;
			sourceTree = "<group>";
		};
		F9A9A75E25E6BDBD00FE654C /* Sendbird-Assignment */ = {
			isa = PBXGroup;
			children = (
				F9A9A7FC25E7F29D00FE654C /* Cell */,
				F9A9A7EC25E7D7E800FE654C /* Parser */,
				F9A9A7A125E6C1D700FE654C /* BookModel */,
				F9A9A7AB25E6C20B00FE654C /* ViewController */,
				F9A9A7AA25E6C1FE00FE654C /* Delegate */,
				F9A9A76B25E6BDC300FE654C /* Assets.xcassets */,
				F9A9A76D25E6BDC300FE654C /* LaunchScreen.storyboard */,
				F9A9A77025E6BDC300FE654C /* Info.plist */,
				F9A9A76825E6BDBD00FE654C /* Sendbird_Assignment.xcdatamodeld */,
			);
			path = "Sendbird-Assignment";
			sourceTree = "<group>";
		};
		F9A9A77825E6BDC400FE654C /* Sendbird-AssignmentTests */ = {
			isa = PBXGroup;
			children = (
				F9A9A77925E6BDC400FE654C /* Sendbird_AssignmentTests.swift */,
				F9A9A77B25E6BDC400FE654C /* Info.plist */,
			);
			path = "Sendbird-AssignmentTests";
			sourceTree = "<group>";
		};
		F9A9A78325E6BDC400FE654C /* Sendbird-AssignmentUITests */ = {
			isa = PBXGroup;
			children = (
				F9A9A78425E6BDC400FE654C /* Sendbird_AssignmentUITests.swift */,
				F9A9A78625E6BDC400FE654C /* Info.plist */,
			);
			path = "Sendbird-AssignmentUITests";
			sourceTree = "<group>";
		};
		F9A9A7A125E6C1D700FE654C /* BookModel */ = {
			isa = PBXGroup;
			children = (
				F9A9A7A225E6C1ED00FE654C /* Book.swift */,
				F9A9A81925E90FD100FE654C /* DetailBook.swift */,
			);
			path = BookModel;
			sourceTree = "<group>";
		};
		F9A9A7AA25E6C1FE00FE654C /* Delegate */ = {
			isa = PBXGroup;
			children = (
				F9A9A76125E6BDBD00FE654C /* SceneDelegate.swift */,
				F9A9A75F25E6BDBD00FE654C /* AppDelegate.swift */,
			);
			path = Delegate;
			sourceTree = "<group>";
		};
		F9A9A7AB25E6C20B00FE654C /* ViewController */ = {
			isa = PBXGroup;
			children = (
				F9A9A7F625E7D99B00FE654C /* SearchViewController */,
				F9A9A7F525E7D96E00FE654C /* DetailBook */,
			);
			path = ViewController;
			sourceTree = "<group>";
		};
		F9A9A7EC25E7D7E800FE654C /* Parser */ = {
			isa = PBXGroup;
			children = (
				F9A9A7ED25E7D80600FE654C /* Parser.swift */,
			);
			path = Parser;
			sourceTree = "<group>";
		};
		F9A9A7F525E7D96E00FE654C /* DetailBook */ = {
			isa = PBXGroup;
			children = (
				F9A9A7F725E7D9BD00FE654C /* DetailViewController.swift */,
			);
			path = DetailBook;
			sourceTree = "<group>";
		};
		F9A9A7F625E7D99B00FE654C /* SearchViewController */ = {
			isa = PBXGroup;
			children = (
				F9A9A76325E6BDBD00FE654C /* ViewController.swift */,
			);
			path = SearchViewController;
			sourceTree = "<group>";
		};
		F9A9A7FC25E7F29D00FE654C /* Cell */ = {
			isa = PBXGroup;
			children = (
				F9A9A7FD25E7F2CE00FE654C /* mainCell.swift */,
				F9A9A7FE25E7F2CE00FE654C /* mainCell.xib */,
			);
			path = Cell;
			sourceTree = "<group>";
		};
/* End PBXGroup section */

/* Begin PBXNativeTarget section */
		F9A9A75B25E6BDBD00FE654C /* Sendbird-Assignment */ = {
			isa = PBXNativeTarget;
			buildConfigurationList = F9A9A78925E6BDC400FE654C /* Build configuration list for PBXNativeTarget "Sendbird-Assignment" */;
			buildPhases = (
				F9A9A75825E6BDBD00FE654C /* Sources */,
				F9A9A75925E6BDBD00FE654C /* Frameworks */,
				F9A9A75A25E6BDBD00FE654C /* Resources */,
			);
			buildRules = (
			);
			dependencies = (
			);
			name = "Sendbird-Assignment";
			productName = "Sendbird-Assignment";
			productReference = F9A9A75C25E6BDBD00FE654C /* Sendbird-Assignment.app */;
			productType = "com.apple.product-type.application";
		};
		F9A9A77425E6BDC400FE654C /* Sendbird-AssignmentTests */ = {
			isa = PBXNativeTarget;
			buildConfigurationList = F9A9A78C25E6BDC400FE654C /* Build configuration list for PBXNativeTarget "Sendbird-AssignmentTests" */;
			buildPhases = (
				F9A9A77125E6BDC400FE654C /* Sources */,
				F9A9A77225E6BDC400FE654C /* Frameworks */,
				F9A9A77325E6BDC400FE654C /* Resources */,
			);
			buildRules = (
			);
			dependencies = (
				F9A9A77725E6BDC400FE654C /* PBXTargetDependency */,
			);
			name = "Sendbird-AssignmentTests";
			productName = "Sendbird-AssignmentTests";
			productReference = F9A9A77525E6BDC400FE654C /* Sendbird-AssignmentTests.xctest */;
			productType = "com.apple.product-type.bundle.unit-test";
		};
		F9A9A77F25E6BDC400FE654C /* Sendbird-AssignmentUITests */ = {
			isa = PBXNativeTarget;
			buildConfigurationList = F9A9A78F25E6BDC400FE654C /* Build configuration list for PBXNativeTarget "Sendbird-AssignmentUITests" */;
			buildPhases = (
				F9A9A77C25E6BDC400FE654C /* Sources */,
				F9A9A77D25E6BDC400FE654C /* Frameworks */,
				F9A9A77E25E6BDC400FE654C /* Resources */,
			);
			buildRules = (
			);
			dependencies = (
				F9A9A78225E6BDC400FE654C /* PBXTargetDependency */,
			);
			name = "Sendbird-AssignmentUITests";
			productName = "Sendbird-AssignmentUITests";
			productReference = F9A9A78025E6BDC400FE654C /* Sendbird-AssignmentUITests.xctest */;
			productType = "com.apple.product-type.bundle.ui-testing";
		};
/* End PBXNativeTarget section */

/* Begin PBXProject section */
		F9A9A75425E6BDBD00FE654C /* Project object */ = {
			isa = PBXProject;
			attributes = {
				LastSwiftUpdateCheck = 1230;
				LastUpgradeCheck = 1230;
				TargetAttributes = {
					F9A9A75B25E6BDBD00FE654C = {
						CreatedOnToolsVersion = 12.3;
					};
					F9A9A77425E6BDC400FE654C = {
						CreatedOnToolsVersion = 12.3;
						TestTargetID = F9A9A75B25E6BDBD00FE654C;
					};
					F9A9A77F25E6BDC400FE654C = {
						CreatedOnToolsVersion = 12.3;
						TestTargetID = F9A9A75B25E6BDBD00FE654C;
					};
				};
			};
			buildConfigurationList = F9A9A75725E6BDBD00FE654C /* Build configuration list for PBXProject "Sendbird-Assignment" */;
			compatibilityVersion = "Xcode 9.3";
			developmentRegion = en;
			hasScannedForEncodings = 0;
			knownRegions = (
				en,
				Base,
			);
			mainGroup = F9A9A75325E6BDBD00FE654C;
			productRefGroup = F9A9A75D25E6BDBD00FE654C /* Products */;
			projectDirPath = "";
			projectRoot = "";
			targets = (
				F9A9A75B25E6BDBD00FE654C /* Sendbird-Assignment */,
				F9A9A77425E6BDC400FE654C /* Sendbird-AssignmentTests */,
				F9A9A77F25E6BDC400FE654C /* Sendbird-AssignmentUITests */,
			);
		};
/* End PBXProject section */

/* Begin PBXResourcesBuildPhase section */
		F9A9A75A25E6BDBD00FE654C /* Resources */ = {
			isa = PBXResourcesBuildPhase;
			buildActionMask = 2147483647;
			files = (
				F9A9A80025E7F2CE00FE654C /* mainCell.xib in Resources */,
				F9A9A76F25E6BDC300FE654C /* LaunchScreen.storyboard in Resources */,
				F9A9A76C25E6BDC300FE654C /* Assets.xcassets in Resources */,
			);
			runOnlyForDeploymentPostprocessing = 0;
		};
		F9A9A77325E6BDC400FE654C /* Resources */ = {
			isa = PBXResourcesBuildPhase;
			buildActionMask = 2147483647;
			files = (
			);
			runOnlyForDeploymentPostprocessing = 0;
		};
		F9A9A77E25E6BDC400FE654C /* Resources */ = {
			isa = PBXResourcesBuildPhase;
			buildActionMask = 2147483647;
			files = (
			);
			runOnlyForDeploymentPostprocessing = 0;
		};
/* End PBXResourcesBuildPhase section */

/* Begin PBXSourcesBuildPhase section */
		F9A9A75825E6BDBD00FE654C /* Sources */ = {
			isa = PBXSourcesBuildPhase;
			buildActionMask = 2147483647;
			files = (
				F9A9A76425E6BDBD00FE654C /* ViewController.swift in Sources */,
				F9A9A76025E6BDBD00FE654C /* AppDelegate.swift in Sources */,
				F9A9A7EE25E7D80600FE654C /* Parser.swift in Sources */,
				F9A9A76A25E6BDBD00FE654C /* Sendbird_Assignment.xcdatamodeld in Sources */,
				F9A9A81A25E90FD100FE654C /* DetailBook.swift in Sources */,
				F9A9A7A325E6C1ED00FE654C /* Book.swift in Sources */,
				F9A9A76225E6BDBD00FE654C /* SceneDelegate.swift in Sources */,
				F9A9A7FF25E7F2CE00FE654C /* mainCell.swift in Sources */,
				F9A9A7F825E7D9BD00FE654C /* DetailViewController.swift in Sources */,
			);
			runOnlyForDeploymentPostprocessing = 0;
		};
		F9A9A77125E6BDC400FE654C /* Sources */ = {
			isa = PBXSourcesBuildPhase;
			buildActionMask = 2147483647;
			files = (
				F9A9A77A25E6BDC400FE654C /* Sendbird_AssignmentTests.swift in Sources */,
			);
			runOnlyForDeploymentPostprocessing = 0;
		};
		F9A9A77C25E6BDC400FE654C /* Sources */ = {
			isa = PBXSourcesBuildPhase;
			buildActionMask = 2147483647;
			files = (
				F9A9A78525E6BDC400FE654C /* Sendbird_AssignmentUITests.swift in Sources */,
			);
			runOnlyForDeploymentPostprocessing = 0;
		};
/* End PBXSourcesBuildPhase section */

/* Begin PBXTargetDependency section */
		F9A9A77725E6BDC400FE654C /* PBXTargetDependency */ = {
			isa = PBXTargetDependency;
			target = F9A9A75B25E6BDBD00FE654C /* Sendbird-Assignment */;
			targetProxy = F9A9A77625E6BDC400FE654C /* PBXContainerItemProxy */;
		};
		F9A9A78225E6BDC400FE654C /* PBXTargetDependency */ = {
			isa = PBXTargetDependency;
			target = F9A9A75B25E6BDBD00FE654C /* Sendbird-Assignment */;
			targetProxy = F9A9A78125E6BDC400FE654C /* PBXContainerItemProxy */;
		};
/* End PBXTargetDependency section */

/* Begin PBXVariantGroup section */
		F9A9A76D25E6BDC300FE654C /* LaunchScreen.storyboard */ = {
			isa = PBXVariantGroup;
			children = (
				F9A9A76E25E6BDC300FE654C /* Base */,
			);
			name = LaunchScreen.storyboard;
			sourceTree = "<group>";
		};
/* End PBXVariantGroup section */

/* Begin XCBuildConfiguration section */
		F9A9A78725E6BDC400FE654C /* Debug */ = {
			isa = XCBuildConfiguration;
			buildSettings = {
				ALWAYS_SEARCH_USER_PATHS = NO;
				CLANG_ANALYZER_NONNULL = YES;
				CLANG_ANALYZER_NUMBER_OBJECT_CONVERSION = YES_AGGRESSIVE;
				CLANG_CXX_LANGUAGE_STANDARD = "gnu++14";
				CLANG_CXX_LIBRARY = "libc++";
				CLANG_ENABLE_MODULES = YES;
				CLANG_ENABLE_OBJC_ARC = YES;
				CLANG_ENABLE_OBJC_WEAK = YES;
				CLANG_WARN_BLOCK_CAPTURE_AUTORELEASING = YES;
				CLANG_WARN_BOOL_CONVERSION = YES;
				CLANG_WARN_COMMA = YES;
				CLANG_WARN_CONSTANT_CONVERSION = YES;
				CLANG_WARN_DEPRECATED_OBJC_IMPLEMENTATIONS = YES;
				CLANG_WARN_DIRECT_OBJC_ISA_USAGE = YES_ERROR;
				CLANG_WARN_DOCUMENTATION_COMMENTS = YES;
				CLANG_WARN_EMPTY_BODY = YES;
				CLANG_WARN_ENUM_CONVERSION = YES;
				CLANG_WARN_INFINITE_RECURSION = YES;
				CLANG_WARN_INT_CONVERSION = YES;
				CLANG_WARN_NON_LITERAL_NULL_CONVERSION = YES;
				CLANG_WARN_OBJC_IMPLICIT_RETAIN_SELF = YES;
				CLANG_WARN_OBJC_LITERAL_CONVERSION = YES;
				CLANG_WARN_OBJC_ROOT_CLASS = YES_ERROR;
				CLANG_WARN_QUOTED_INCLUDE_IN_FRAMEWORK_HEADER = YES;
				CLANG_WARN_RANGE_LOOP_ANALYSIS = YES;
				CLANG_WARN_STRICT_PROTOTYPES = YES;
				CLANG_WARN_SUSPICIOUS_MOVE = YES;
				CLANG_WARN_UNGUARDED_AVAILABILITY = YES_AGGRESSIVE;
				CLANG_WARN_UNREACHABLE_CODE = YES;
				CLANG_WARN__DUPLICATE_METHOD_MATCH = YES;
				COPY_PHASE_STRIP = NO;
				DEBUG_INFORMATION_FORMAT = dwarf;
				ENABLE_STRICT_OBJC_MSGSEND = YES;
				ENABLE_TESTABILITY = YES;
				GCC_C_LANGUAGE_STANDARD = gnu11;
				GCC_DYNAMIC_NO_PIC = NO;
				GCC_NO_COMMON_BLOCKS = YES;
				GCC_OPTIMIZATION_LEVEL = 0;
				GCC_PREPROCESSOR_DEFINITIONS = (
					"DEBUG=1",
					"$(inherited)",
				);
				GCC_WARN_64_TO_32_BIT_CONVERSION = YES;
				GCC_WARN_ABOUT_RETURN_TYPE = YES_ERROR;
				GCC_WARN_UNDECLARED_SELECTOR = YES;
				GCC_WARN_UNINITIALIZED_AUTOS = YES_AGGRESSIVE;
				GCC_WARN_UNUSED_FUNCTION = YES;
				GCC_WARN_UNUSED_VARIABLE = YES;
				IPHONEOS_DEPLOYMENT_TARGET = 14.3;
				MTL_ENABLE_DEBUG_INFO = INCLUDE_SOURCE;
				MTL_FAST_MATH = YES;
				ONLY_ACTIVE_ARCH = YES;
				SDKROOT = iphoneos;
				SWIFT_ACTIVE_COMPILATION_CONDITIONS = DEBUG;
				SWIFT_OPTIMIZATION_LEVEL = "-Onone";
			};
			name = Debug;
		};
		F9A9A78825E6BDC400FE654C /* Release */ = {
			isa = XCBuildConfiguration;
			buildSettings = {
				ALWAYS_SEARCH_USER_PATHS = NO;
				CLANG_ANALYZER_NONNULL = YES;
				CLANG_ANALYZER_NUMBER_OBJECT_CONVERSION = YES_AGGRESSIVE;
				CLANG_CXX_LANGUAGE_STANDARD = "gnu++14";
				CLANG_CXX_LIBRARY = "libc++";
				CLANG_ENABLE_MODULES = YES;
				CLANG_ENABLE_OBJC_ARC = YES;
				CLANG_ENABLE_OBJC_WEAK = YES;
				CLANG_WARN_BLOCK_CAPTURE_AUTORELEASING = YES;
				CLANG_WARN_BOOL_CONVERSION = YES;
				CLANG_WARN_COMMA = YES;
				CLANG_WARN_CONSTANT_CONVERSION = YES;
				CLANG_WARN_DEPRECATED_OBJC_IMPLEMENTATIONS = YES;
				CLANG_WARN_DIRECT_OBJC_ISA_USAGE = YES_ERROR;
				CLANG_WARN_DOCUMENTATION_COMMENTS = YES;
				CLANG_WARN_EMPTY_BODY = YES;
				CLANG_WARN_ENUM_CONVERSION = YES;
				CLANG_WARN_INFINITE_RECURSION = YES;
				CLANG_WARN_INT_CONVERSION = YES;
				CLANG_WARN_NON_LITERAL_NULL_CONVERSION = YES;
				CLANG_WARN_OBJC_IMPLICIT_RETAIN_SELF = YES;
				CLANG_WARN_OBJC_LITERAL_CONVERSION = YES;
				CLANG_WARN_OBJC_ROOT_CLASS = YES_ERROR;
				CLANG_WARN_QUOTED_INCLUDE_IN_FRAMEWORK_HEADER = YES;
				CLANG_WARN_RANGE_LOOP_ANALYSIS = YES;
				CLANG_WARN_STRICT_PROTOTYPES = YES;
				CLANG_WARN_SUSPICIOUS_MOVE = YES;
				CLANG_WARN_UNGUARDED_AVAILABILITY = YES_AGGRESSIVE;
				CLANG_WARN_UNREACHABLE_CODE = YES;
				CLANG_WARN__DUPLICATE_METHOD_MATCH = YES;
				COPY_PHASE_STRIP = NO;
				DEBUG_INFORMATION_FORMAT = "dwarf-with-dsym";
				ENABLE_NS_ASSERTIONS = NO;
				ENABLE_STRICT_OBJC_MSGSEND = YES;
				GCC_C_LANGUAGE_STANDARD = gnu11;
				GCC_NO_COMMON_BLOCKS = YES;
				GCC_WARN_64_TO_32_BIT_CONVERSION = YES;
				GCC_WARN_ABOUT_RETURN_TYPE = YES_ERROR;
				GCC_WARN_UNDECLARED_SELECTOR = YES;
				GCC_WARN_UNINITIALIZED_AUTOS = YES_AGGRESSIVE;
				GCC_WARN_UNUSED_FUNCTION = YES;
				GCC_WARN_UNUSED_VARIABLE = YES;
				IPHONEOS_DEPLOYMENT_TARGET = 14.3;
				MTL_ENABLE_DEBUG_INFO = NO;
				MTL_FAST_MATH = YES;
				SDKROOT = iphoneos;
				SWIFT_COMPILATION_MODE = wholemodule;
				SWIFT_OPTIMIZATION_LEVEL = "-O";
				VALIDATE_PRODUCT = YES;
			};
			name = Release;
		};
		F9A9A78A25E6BDC400FE654C /* Debug */ = {
			isa = XCBuildConfiguration;
			buildSettings = {
				ASSETCATALOG_COMPILER_APPICON_NAME = AppIcon;
				ASSETCATALOG_COMPILER_GLOBAL_ACCENT_COLOR_NAME = AccentColor;
				CODE_SIGN_STYLE = Automatic;
				DEVELOPMENT_TEAM = QFBB64MH66;
				INFOPLIST_FILE = "Sendbird-Assignment/Info.plist";
				IPHONEOS_DEPLOYMENT_TARGET = 9.0;
				LD_RUNPATH_SEARCH_PATHS = (
					"$(inherited)",
					"@executable_path/Frameworks",
				);
				PRODUCT_BUNDLE_IDENTIFIER = "com.gitaeklee.Sendbird-Assignment";
				PRODUCT_NAME = "$(TARGET_NAME)";
				SWIFT_VERSION = 5.0;
				TARGETED_DEVICE_FAMILY = "1,2";
			};
			name = Debug;
		};
		F9A9A78B25E6BDC400FE654C /* Release */ = {
			isa = XCBuildConfiguration;
			buildSettings = {
				ASSETCATALOG_COMPILER_APPICON_NAME = AppIcon;
				ASSETCATALOG_COMPILER_GLOBAL_ACCENT_COLOR_NAME = AccentColor;
				CODE_SIGN_STYLE = Automatic;
				DEVELOPMENT_TEAM = QFBB64MH66;
				INFOPLIST_FILE = "Sendbird-Assignment/Info.plist";
				IPHONEOS_DEPLOYMENT_TARGET = 9.0;
				LD_RUNPATH_SEARCH_PATHS = (
					"$(inherited)",
					"@executable_path/Frameworks",
				);
				PRODUCT_BUNDLE_IDENTIFIER = "com.gitaeklee.Sendbird-Assignment";
				PRODUCT_NAME = "$(TARGET_NAME)";
				SWIFT_VERSION = 5.0;
				TARGETED_DEVICE_FAMILY = "1,2";
			};
			name = Release;
		};
		F9A9A78D25E6BDC400FE654C /* Debug */ = {
			isa = XCBuildConfiguration;
			buildSettings = {
				ALWAYS_EMBED_SWIFT_STANDARD_LIBRARIES = YES;
				BUNDLE_LOADER = "$(TEST_HOST)";
				CODE_SIGN_STYLE = Automatic;
				DEVELOPMENT_TEAM = QFBB64MH66;
				INFOPLIST_FILE = "Sendbird-AssignmentTests/Info.plist";
				IPHONEOS_DEPLOYMENT_TARGET = 14.3;
				LD_RUNPATH_SEARCH_PATHS = (
					"$(inherited)",
					"@executable_path/Frameworks",
					"@loader_path/Frameworks",
				);
				PRODUCT_BUNDLE_IDENTIFIER = "com.gitaeklee.Sendbird-AssignmentTests";
				PRODUCT_NAME = "$(TARGET_NAME)";
				SWIFT_VERSION = 5.0;
				TARGETED_DEVICE_FAMILY = "1,2";
				TEST_HOST = "$(BUILT_PRODUCTS_DIR)/Sendbird-Assignment.app/Sendbird-Assignment";
			};
			name = Debug;
		};
		F9A9A78E25E6BDC400FE654C /* Release */ = {
			isa = XCBuildConfiguration;
			buildSettings = {
				ALWAYS_EMBED_SWIFT_STANDARD_LIBRARIES = YES;
				BUNDLE_LOADER = "$(TEST_HOST)";
				CODE_SIGN_STYLE = Automatic;
				DEVELOPMENT_TEAM = QFBB64MH66;
				INFOPLIST_FILE = "Sendbird-AssignmentTests/Info.plist";
				IPHONEOS_DEPLOYMENT_TARGET = 14.3;
				LD_RUNPATH_SEARCH_PATHS = (
					"$(inherited)",
					"@executable_path/Frameworks",
					"@loader_path/Frameworks",
				);
				PRODUCT_BUNDLE_IDENTIFIER = "com.gitaeklee.Sendbird-AssignmentTests";
				PRODUCT_NAME = "$(TARGET_NAME)";
				SWIFT_VERSION = 5.0;
				TARGETED_DEVICE_FAMILY = "1,2";
				TEST_HOST = "$(BUILT_PRODUCTS_DIR)/Sendbird-Assignment.app/Sendbird-Assignment";
			};
			name = Release;
		};
		F9A9A79025E6BDC400FE654C /* Debug */ = {
			isa = XCBuildConfiguration;
			buildSettings = {
				ALWAYS_EMBED_SWIFT_STANDARD_LIBRARIES = YES;
				CODE_SIGN_STYLE = Automatic;
				DEVELOPMENT_TEAM = QFBB64MH66;
				INFOPLIST_FILE = "Sendbird-AssignmentUITests/Info.plist";
				LD_RUNPATH_SEARCH_PATHS = (
					"$(inherited)",
					"@executable_path/Frameworks",
					"@loader_path/Frameworks",
				);
				PRODUCT_BUNDLE_IDENTIFIER = "com.gitaeklee.Sendbird-AssignmentUITests";
				PRODUCT_NAME = "$(TARGET_NAME)";
				SWIFT_VERSION = 5.0;
				TARGETED_DEVICE_FAMILY = "1,2";
				TEST_TARGET_NAME = "Sendbird-Assignment";
			};
			name = Debug;
		};
		F9A9A79125E6BDC400FE654C /* Release */ = {
			isa = XCBuildConfiguration;
			buildSettings = {
				ALWAYS_EMBED_SWIFT_STANDARD_LIBRARIES = YES;
				CODE_SIGN_STYLE = Automatic;
				DEVELOPMENT_TEAM = QFBB64MH66;
				INFOPLIST_FILE = "Sendbird-AssignmentUITests/Info.plist";
				LD_RUNPATH_SEARCH_PATHS = (
					"$(inherited)",
					"@executable_path/Frameworks",
					"@loader_path/Frameworks",
				);
				PRODUCT_BUNDLE_IDENTIFIER = "com.gitaeklee.Sendbird-AssignmentUITests";
				PRODUCT_NAME = "$(TARGET_NAME)";
				SWIFT_VERSION = 5.0;
				TARGETED_DEVICE_FAMILY = "1,2";
				TEST_TARGET_NAME = "Sendbird-Assignment";
			};
			name = Release;
		};
/* End XCBuildConfiguration section */

/* Begin XCConfigurationList section */
		F9A9A75725E6BDBD00FE654C /* Build configuration list for PBXProject "Sendbird-Assignment" */ = {
			isa = XCConfigurationList;
			buildConfigurations = (
				F9A9A78725E6BDC400FE654C /* Debug */,
				F9A9A78825E6BDC400FE654C /* Release */,
			);
			defaultConfigurationIsVisible = 0;
			defaultConfigurationName = Release;
		};
		F9A9A78925E6BDC400FE654C /* Build configuration list for PBXNativeTarget "Sendbird-Assignment" */ = {
			isa = XCConfigurationList;
			buildConfigurations = (
				F9A9A78A25E6BDC400FE654C /* Debug */,
				F9A9A78B25E6BDC400FE654C /* Release */,
			);
			defaultConfigurationIsVisible = 0;
			defaultConfigurationName = Release;
		};
		F9A9A78C25E6BDC400FE654C /* Build configuration list for PBXNativeTarget "Sendbird-AssignmentTests" */ = {
			isa = XCConfigurationList;
			buildConfigurations = (
				F9A9A78D25E6BDC400FE654C /* Debug */,
				F9A9A78E25E6BDC400FE654C /* Release */,
			);
			defaultConfigurationIsVisible = 0;
			defaultConfigurationName = Release;
		};
		F9A9A78F25E6BDC400FE654C /* Build configuration list for PBXNativeTarget "Sendbird-AssignmentUITests" */ = {
			isa = XCConfigurationList;
			buildConfigurations = (
				F9A9A79025E6BDC400FE654C /* Debug */,
				F9A9A79125E6BDC400FE654C /* Release */,
			);
			defaultConfigurationIsVisible = 0;
			defaultConfigurationName = Release;
		};
/* End XCConfigurationList section */

/* Begin XCVersionGroup section */
		F9A9A76825E6BDBD00FE654C /* Sendbird_Assignment.xcdatamodeld */ = {
			isa = XCVersionGroup;
			children = (
				F9A9A76925E6BDBD00FE654C /* Sendbird_Assignment.xcdatamodel */,
			);
			currentVersion = F9A9A76925E6BDBD00FE654C /* Sendbird_Assignment.xcdatamodel */;
			path = Sendbird_Assignment.xcdatamodeld;
			sourceTree = "<group>";
			versionGroupType = wrapper.xcdatamodel;
		};
/* End XCVersionGroup section */
	};
	rootObject = F9A9A75425E6BDBD00FE654C /* Project object */;
}
